
Microsoft Visual Studio Solution File, Format Version 12.00
# Visual Studio Version 16
VisualStudioVersion = 16.0.29306.81
MinimumVisualStudioVersion = 10.0.40219.1
Project("{FAE04EC0-301F-11D3-BF4B-00C04F79EFBC}") = "2semLR1_1", "2semLR1_1\2semLR1_1.csproj", "{5D19D5D7-28E4-4741-B6F0-7D7FB0862874}"
EndProject
Global
	GlobalSection(SolutionConfigurationPlatforms) = preSolution
		Debug|Any CPU = Debug|Any CPU
		Release|Any CPU = Release|Any CPU
	EndGlobalSection
	GlobalSection(ProjectConfigurationPlatforms) = postSolution
		{5D19D5D7-28E4-4741-B6F0-7D7FB0862874}.Debug|Any CPU.ActiveCfg = Debug|Any CPU
		{5D19D5D7-28E4-4741-B6F0-7D7FB0862874}.Debug|Any CPU.Build.0 = Debug|Any CPU
		{5D19D5D7-28E4-4741-B6F0-7D7FB0862874}.Release|Any CPU.ActiveCfg = Release|Any CPU
		{5D19D5D7-28E4-4741-B6F0-7D7FB0862874}.Release|Any CPU.Build.0 = Release|Any CPU
	EndGlobalSection
	GlobalSection(SolutionProperties) = preSolution
		HideSolutionNode = FALSE
	EndGlobalSection
	GlobalSection(ExtensibilityGlobals) = postSolution
		SolutionGuid = {1639B0AB-24A0-46DB-8C86-DC4E4F2D1D8B}
	EndGlobalSection
EndGlobal
