
Microsoft Visual Studio Solution File, Format Version 12.00
# Visual Studio Version 16
VisualStudioVersion = 16.0.29306.81
MinimumVisualStudioVersion = 10.0.40219.1
Project("{FAE04EC0-301F-11D3-BF4B-00C04F79EFBC}") = "2semLr1Task3", "2semLr1Task3\2semLr1Task3.csproj", "{08D19F63-7B03-40B6-AADC-7BC0F233E3BA}"
EndProject
Global
	GlobalSection(SolutionConfigurationPlatforms) = preSolution
		Debug|Any CPU = Debug|Any CPU
		Release|Any CPU = Release|Any CPU
	EndGlobalSection
	GlobalSection(ProjectConfigurationPlatforms) = postSolution
		{08D19F63-7B03-40B6-AADC-7BC0F233E3BA}.Debug|Any CPU.ActiveCfg = Debug|Any CPU
		{08D19F63-7B03-40B6-AADC-7BC0F233E3BA}.Debug|Any CPU.Build.0 = Debug|Any CPU
		{08D19F63-7B03-40B6-AADC-7BC0F233E3BA}.Release|Any CPU.ActiveCfg = Release|Any CPU
		{08D19F63-7B03-40B6-AADC-7BC0F233E3BA}.Release|Any CPU.Build.0 = Release|Any CPU
	EndGlobalSection
	GlobalSection(SolutionProperties) = preSolution
		HideSolutionNode = FALSE
	EndGlobalSection
	GlobalSection(ExtensibilityGlobals) = postSolution
		SolutionGuid = {47185863-C8D7-4D5C-BD82-AFCE1E6E2280}
	EndGlobalSection
EndGlobal
