
Microsoft Visual Studio Solution File, Format Version 12.00
# Visual Studio Version 16
VisualStudioVersion = 16.0.29306.81
MinimumVisualStudioVersion = 10.0.40219.1
Project("{FAE04EC0-301F-11D3-BF4B-00C04F79EFBC}") = "2semLR1_2", "2semLR1_2\2semLR1_2.csproj", "{BF30620A-543C-4F2D-8033-6E5DD5D2E0BF}"
EndProject
Global
	GlobalSection(SolutionConfigurationPlatforms) = preSolution
		Debug|Any CPU = Debug|Any CPU
		Release|Any CPU = Release|Any CPU
	EndGlobalSection
	GlobalSection(ProjectConfigurationPlatforms) = postSolution
		{BF30620A-543C-4F2D-8033-6E5DD5D2E0BF}.Debug|Any CPU.ActiveCfg = Debug|Any CPU
		{BF30620A-543C-4F2D-8033-6E5DD5D2E0BF}.Debug|Any CPU.Build.0 = Debug|Any CPU
		{BF30620A-543C-4F2D-8033-6E5DD5D2E0BF}.Release|Any CPU.ActiveCfg = Release|Any CPU
		{BF30620A-543C-4F2D-8033-6E5DD5D2E0BF}.Release|Any CPU.Build.0 = Release|Any CPU
	EndGlobalSection
	GlobalSection(SolutionProperties) = preSolution
		HideSolutionNode = FALSE
	EndGlobalSection
	GlobalSection(ExtensibilityGlobals) = postSolution
		SolutionGuid = {F36979AB-46BC-44B0-871B-975E743600C1}
	EndGlobalSection
EndGlobal
